
Microsoft Visual Studio Solution File, Format Version 12.00
# Visual Studio Version 17
VisualStudioVersion = 17.10.34928.147
MinimumVisualStudioVersion = 10.0.40219.1
Project("{FAE04EC0-301F-11D3-BF4B-00C04F79EFBC}") = "WebApplication1", "WebApplication1\WebApplication1.csproj", "{E6288A55-DAEF-4372-86D8-A5F8AA93CEFF}"
EndProject
Project("{FAE04EC0-301F-11D3-BF4B-00C04F79EFBC}") = "TestProject1", "TestProject1\TestProject1.csproj", "{E538E59E-2241-4E27-BBE7-6A5F26C5FA41}"
EndProject
Global
	GlobalSection(SolutionConfigurationPlatforms) = preSolution
		Debug|Any CPU = Debug|Any CPU
		Release|Any CPU = Release|Any CPU
	EndGlobalSection
	GlobalSection(ProjectConfigurationPlatforms) = postSolution
		{E6288A55-DAEF-4372-86D8-A5F8AA93CEFF}.Debug|Any CPU.ActiveCfg = Debug|Any CPU
		{E6288A55-DAEF-4372-86D8-A5F8AA93CEFF}.Debug|Any CPU.Build.0 = Debug|Any CPU
		{E6288A55-DAEF-4372-86D8-A5F8AA93CEFF}.Release|Any CPU.ActiveCfg = Release|Any CPU
		{E6288A55-DAEF-4372-86D8-A5F8AA93CEFF}.Release|Any CPU.Build.0 = Release|Any CPU
		{E538E59E-2241-4E27-BBE7-6A5F26C5FA41}.Debug|Any CPU.ActiveCfg = Debug|Any CPU
		{E538E59E-2241-4E27-BBE7-6A5F26C5FA41}.Debug|Any CPU.Build.0 = Debug|Any CPU
		{E538E59E-2241-4E27-BBE7-6A5F26C5FA41}.Release|Any CPU.ActiveCfg = Release|Any CPU
		{E538E59E-2241-4E27-BBE7-6A5F26C5FA41}.Release|Any CPU.Build.0 = Release|Any CPU
	EndGlobalSection
	GlobalSection(SolutionProperties) = preSolution
		HideSolutionNode = FALSE
	EndGlobalSection
	GlobalSection(ExtensibilityGlobals) = postSolution
		SolutionGuid = {9917CCF8-1F76-4FAF-96A9-DE74498D5285}
	EndGlobalSection
EndGlobal
